// !$*UTF8*$!
{
	archiveVersion = 1;
	classes = {
	};
	objectVersion = 77;
	objects = {

/* Begin PBXBuildFile section */
		5B0CE97F2D6A1668004666E0 /* MainRouter.swift in Sources */ = {isa = PBXBuildFile; fileRef = 5B0CE97E2D6A1668004666E0 /* MainRouter.swift */; };
		5B0CE9822D6A20A0004666E0 /* AppRouter.swift in Sources */ = {isa = PBXBuildFile; fileRef = 5B0CE9812D6A20A0004666E0 /* AppRouter.swift */; };
		5B0CE9862D6A2228004666E0 /* SettingsRouter.swift in Sources */ = {isa = PBXBuildFile; fileRef = 5B0CE9852D6A2228004666E0 /* SettingsRouter.swift */; };
		5B0CE9882D6A2250004666E0 /* ResultRouter.swift in Sources */ = {isa = PBXBuildFile; fileRef = 5B0CE9872D6A2250004666E0 /* ResultRouter.swift */; };
		5B0CE9952D6AF955004666E0 /* Alamofire in Frameworks */ = {isa = PBXBuildFile; productRef = 5B0CE9942D6AF955004666E0 /* Alamofire */; };
		5B484A842D63A22900F2A277 /* Constants.swift in Sources */ = {isa = PBXBuildFile; fileRef = 5B484A832D63A22900F2A277 /* Constants.swift */; };
		5B683A2B2D6068B300838E6B /* ResultModel.swift in Sources */ = {isa = PBXBuildFile; fileRef = 5B683A2A2D6068B300838E6B /* ResultModel.swift */; };
		5B683A2F2D60692700838E6B /* ResultPresenter.swift in Sources */ = {isa = PBXBuildFile; fileRef = 5B683A2E2D60692700838E6B /* ResultPresenter.swift */; };
		5B683A332D606AEE00838E6B /* SettingsModel.swift in Sources */ = {isa = PBXBuildFile; fileRef = 5B683A322D606AEE00838E6B /* SettingsModel.swift */; };
		5B683A352D606B5000838E6B /* SettingsPresenter.swift in Sources */ = {isa = PBXBuildFile; fileRef = 5B683A342D606B5000838E6B /* SettingsPresenter.swift */; };
		5B905AE52D5BADF400C52A6C /* MainViewController.swift in Sources */ = {isa = PBXBuildFile; fileRef = 5B905AD02D5BADF400C52A6C /* MainViewController.swift */; };
		5B905AE62D5BADF400C52A6C /* SettingsViewController.swift in Sources */ = {isa = PBXBuildFile; fileRef = 5B905AD12D5BADF400C52A6C /* SettingsViewController.swift */; };
		5B905AEA2D5BADF400C52A6C /* BottomNavigationView.swift in Sources */ = {isa = PBXBuildFile; fileRef = 5B905ADE2D5BADF400C52A6C /* BottomNavigationView.swift */; };
		5B905AEB2D5BADF400C52A6C /* MicrophoneView.swift in Sources */ = {isa = PBXBuildFile; fileRef = 5B905ADF2D5BADF400C52A6C /* MicrophoneView.swift */; };
		5B905AEC2D5BADF400C52A6C /* PetSelectionView.swift in Sources */ = {isa = PBXBuildFile; fileRef = 5B905AE02D5BADF400C52A6C /* PetSelectionView.swift */; };
		5B905AEE2D5BADF400C52A6C /* Assets.xcassets in Resources */ = {isa = PBXBuildFile; fileRef = 5B905ADB2D5BADF400C52A6C /* Assets.xcassets */; };
		5B905B0A2D5C582F00C52A6C /* AppDelegate.swift in Sources */ = {isa = PBXBuildFile; fileRef = 5B905B072D5C582F00C52A6C /* AppDelegate.swift */; };
		5B905B0B2D5C582F00C52A6C /* SceneDelegate.swift in Sources */ = {isa = PBXBuildFile; fileRef = 5B905B082D5C582F00C52A6C /* SceneDelegate.swift */; };
		5B905B732D5C81C300C52A6C /* bitrate.gif in Resources */ = {isa = PBXBuildFile; fileRef = 5B905B722D5C81C300C52A6C /* bitrate.gif */; };
		5B905B752D5C847000C52A6C /* ResultViewController.swift in Sources */ = {isa = PBXBuildFile; fileRef = 5B905B742D5C847000C52A6C /* ResultViewController.swift */; };
		5B905B7C2D5C9D2F00C52A6C /* SettingsCell.swift in Sources */ = {isa = PBXBuildFile; fileRef = 5B905B7B2D5C9D2F00C52A6C /* SettingsCell.swift */; };
		5B905B7E2D5C9D6900C52A6C /* DetailViewController.swift in Sources */ = {isa = PBXBuildFile; fileRef = 5B905B7D2D5C9D6900C52A6C /* DetailViewController.swift */; };
		5B905BB02D5E69F600C52A6C /* MainPresenter.swift in Sources */ = {isa = PBXBuildFile; fileRef = 5B905BAF2D5E69F600C52A6C /* MainPresenter.swift */; };
/* End PBXBuildFile section */

/* Begin PBXContainerItemProxy section */
		5B5001FF2D551CB700CBD14B /* PBXContainerItemProxy */ = {
			isa = PBXContainerItemProxy;
			containerPortal = 5B5001E02D551CB600CBD14B /* Project object */;
			proxyType = 1;
			remoteGlobalIDString = 5B5001E72D551CB600CBD14B;
			remoteInfo = testProject;
		};
		5B5002092D551CB700CBD14B /* PBXContainerItemProxy */ = {
			isa = PBXContainerItemProxy;
			containerPortal = 5B5001E02D551CB600CBD14B /* Project object */;
			proxyType = 1;
			remoteGlobalIDString = 5B5001E72D551CB600CBD14B;
			remoteInfo = testProject;
		};
/* End PBXContainerItemProxy section */

/* Begin PBXFileReference section */
		5B0CE97E2D6A1668004666E0 /* MainRouter.swift */ = {isa = PBXFileReference; lastKnownFileType = sourcecode.swift; path = MainRouter.swift; sourceTree = "<group>"; };
		5B0CE9812D6A20A0004666E0 /* AppRouter.swift */ = {isa = PBXFileReference; lastKnownFileType = sourcecode.swift; path = AppRouter.swift; sourceTree = "<group>"; };
		5B0CE9852D6A2228004666E0 /* SettingsRouter.swift */ = {isa = PBXFileReference; lastKnownFileType = sourcecode.swift; path = SettingsRouter.swift; sourceTree = "<group>"; };
		5B0CE9872D6A2250004666E0 /* ResultRouter.swift */ = {isa = PBXFileReference; lastKnownFileType = sourcecode.swift; path = ResultRouter.swift; sourceTree = "<group>"; };
		5B484A832D63A22900F2A277 /* Constants.swift */ = {isa = PBXFileReference; lastKnownFileType = sourcecode.swift; path = Constants.swift; sourceTree = "<group>"; };
		5B5001E82D551CB600CBD14B /* testProject.app */ = {isa = PBXFileReference; explicitFileType = wrapper.application; includeInIndex = 0; path = testProject.app; sourceTree = BUILT_PRODUCTS_DIR; };
		5B5001FE2D551CB700CBD14B /* testProjectTests.xctest */ = {isa = PBXFileReference; explicitFileType = wrapper.cfbundle; includeInIndex = 0; path = testProjectTests.xctest; sourceTree = BUILT_PRODUCTS_DIR; };
		5B5002082D551CB700CBD14B /* testProjectUITests.xctest */ = {isa = PBXFileReference; explicitFileType = wrapper.cfbundle; includeInIndex = 0; path = testProjectUITests.xctest; sourceTree = BUILT_PRODUCTS_DIR; };
		5B683A2A2D6068B300838E6B /* ResultModel.swift */ = {isa = PBXFileReference; lastKnownFileType = sourcecode.swift; path = ResultModel.swift; sourceTree = "<group>"; };
		5B683A2E2D60692700838E6B /* ResultPresenter.swift */ = {isa = PBXFileReference; lastKnownFileType = sourcecode.swift; path = ResultPresenter.swift; sourceTree = "<group>"; };
		5B683A322D606AEE00838E6B /* SettingsModel.swift */ = {isa = PBXFileReference; lastKnownFileType = sourcecode.swift; path = SettingsModel.swift; sourceTree = "<group>"; };
		5B683A342D606B5000838E6B /* SettingsPresenter.swift */ = {isa = PBXFileReference; lastKnownFileType = sourcecode.swift; path = SettingsPresenter.swift; sourceTree = "<group>"; };
		5B905AD02D5BADF400C52A6C /* MainViewController.swift */ = {isa = PBXFileReference; lastKnownFileType = sourcecode.swift; path = MainViewController.swift; sourceTree = "<group>"; };
		5B905AD12D5BADF400C52A6C /* SettingsViewController.swift */ = {isa = PBXFileReference; lastKnownFileType = sourcecode.swift; path = SettingsViewController.swift; sourceTree = "<group>"; };
		5B905ADB2D5BADF400C52A6C /* Assets.xcassets */ = {isa = PBXFileReference; lastKnownFileType = folder.assetcatalog; path = Assets.xcassets; sourceTree = "<group>"; };
		5B905ADC2D5BADF400C52A6C /* Info.plist */ = {isa = PBXFileReference; lastKnownFileType = text.plist.xml; path = Info.plist; sourceTree = "<group>"; };
		5B905ADE2D5BADF400C52A6C /* BottomNavigationView.swift */ = {isa = PBXFileReference; lastKnownFileType = sourcecode.swift; path = BottomNavigationView.swift; sourceTree = "<group>"; };
		5B905ADF2D5BADF400C52A6C /* MicrophoneView.swift */ = {isa = PBXFileReference; lastKnownFileType = sourcecode.swift; path = MicrophoneView.swift; sourceTree = "<group>"; };
		5B905AE02D5BADF400C52A6C /* PetSelectionView.swift */ = {isa = PBXFileReference; lastKnownFileType = sourcecode.swift; path = PetSelectionView.swift; sourceTree = "<group>"; };
		5B905B072D5C582F00C52A6C /* AppDelegate.swift */ = {isa = PBXFileReference; lastKnownFileType = sourcecode.swift; path = AppDelegate.swift; sourceTree = "<group>"; };
		5B905B082D5C582F00C52A6C /* SceneDelegate.swift */ = {isa = PBXFileReference; lastKnownFileType = sourcecode.swift; path = SceneDelegate.swift; sourceTree = "<group>"; };
		5B905B722D5C81C300C52A6C /* bitrate.gif */ = {isa = PBXFileReference; lastKnownFileType = image.gif; name = bitrate.gif; path = /Users/dmytrovasylenko/Project/backupOfTestProject/testProject/Resources/bitrate.gif; sourceTree = "<absolute>"; };
		5B905B742D5C847000C52A6C /* ResultViewController.swift */ = {isa = PBXFileReference; lastKnownFileType = sourcecode.swift; path = ResultViewController.swift; sourceTree = "<group>"; };
		5B905B7B2D5C9D2F00C52A6C /* SettingsCell.swift */ = {isa = PBXFileReference; lastKnownFileType = sourcecode.swift; path = SettingsCell.swift; sourceTree = "<group>"; };
		5B905B7D2D5C9D6900C52A6C /* DetailViewController.swift */ = {isa = PBXFileReference; lastKnownFileType = sourcecode.swift; path = DetailViewController.swift; sourceTree = "<group>"; };
		5B905BAF2D5E69F600C52A6C /* MainPresenter.swift */ = {isa = PBXFileReference; lastKnownFileType = sourcecode.swift; path = MainPresenter.swift; sourceTree = "<group>"; };
/* End PBXFileReference section */

/* Begin PBXFileSystemSynchronizedRootGroup section */
		5B905B172D5C593100C52A6C /* Extensions */ = {
			isa = PBXFileSystemSynchronizedRootGroup;
			path = Extensions;
			sourceTree = "<group>";
		};
		5B905B212D5C59CA00C52A6C /* Fonts */ = {
			isa = PBXFileSystemSynchronizedRootGroup;
			path = Fonts;
			sourceTree = "<group>";
		};
/* End PBXFileSystemSynchronizedRootGroup section */

/* Begin PBXFrameworksBuildPhase section */
		5B5001E52D551CB600CBD14B /* Frameworks */ = {
			isa = PBXFrameworksBuildPhase;
			buildActionMask = 2147483647;
			files = (
				5B0CE9952D6AF955004666E0 /* Alamofire in Frameworks */,
			);
			runOnlyForDeploymentPostprocessing = 0;
		};
		5B5001FB2D551CB700CBD14B /* Frameworks */ = {
			isa = PBXFrameworksBuildPhase;
			buildActionMask = 2147483647;
			files = (
			);
			runOnlyForDeploymentPostprocessing = 0;
		};
		5B5002052D551CB700CBD14B /* Frameworks */ = {
			isa = PBXFrameworksBuildPhase;
			buildActionMask = 2147483647;
			files = (
			);
			runOnlyForDeploymentPostprocessing = 0;
		};
/* End PBXFrameworksBuildPhase section */

/* Begin PBXGroup section */
		5B0CE97D2D6A1638004666E0 /* Router */ = {
			isa = PBXGroup;
			children = (
				5B0CE97E2D6A1668004666E0 /* MainRouter.swift */,
			);
			path = Router;
			sourceTree = "<group>";
		};
		5B0CE9802D6A203A004666E0 /* Router */ = {
			isa = PBXGroup;
			children = (
				5B0CE9812D6A20A0004666E0 /* AppRouter.swift */,
			);
			path = Router;
			sourceTree = "<group>";
		};
		5B0CE9832D6A2209004666E0 /* ResultRouter */ = {
			isa = PBXGroup;
			children = (
				5B0CE9872D6A2250004666E0 /* ResultRouter.swift */,
			);
			path = ResultRouter;
			sourceTree = "<group>";
		};
		5B0CE9842D6A2215004666E0 /* SettingsRouter */ = {
			isa = PBXGroup;
			children = (
				5B0CE9852D6A2228004666E0 /* SettingsRouter.swift */,
			);
			path = SettingsRouter;
			sourceTree = "<group>";
		};
		5B484A822D63A20B00F2A277 /* Constants */ = {
			isa = PBXGroup;
			children = (
				5B484A832D63A22900F2A277 /* Constants.swift */,
			);
			path = Constants;
			sourceTree = "<group>";
		};
		5B5001DF2D551CB600CBD14B = {
			isa = PBXGroup;
			children = (
				5B905B012D5C57F000C52A6C /* testProject */,
				5B5001E92D551CB600CBD14B /* Products */,
			);
			sourceTree = "<group>";
		};
		5B5001E92D551CB600CBD14B /* Products */ = {
			isa = PBXGroup;
			children = (
				5B5001E82D551CB600CBD14B /* testProject.app */,
				5B5001FE2D551CB700CBD14B /* testProjectTests.xctest */,
				5B5002082D551CB700CBD14B /* testProjectUITests.xctest */,
			);
			name = Products;
			sourceTree = "<group>";
		};
		5B683A2C2D6068E900838E6B /* ResultView */ = {
			isa = PBXGroup;
			children = (
				5B905B742D5C847000C52A6C /* ResultViewController.swift */,
			);
			path = ResultView;
			sourceTree = "<group>";
		};
		5B683A2D2D60691400838E6B /* ResultPresenter */ = {
			isa = PBXGroup;
			children = (
				5B683A2E2D60692700838E6B /* ResultPresenter.swift */,
			);
			path = ResultPresenter;
			sourceTree = "<group>";
		};
		5B683A302D606AB500838E6B /* SettingsModel */ = {
			isa = PBXGroup;
			children = (
				5B683A322D606AEE00838E6B /* SettingsModel.swift */,
			);
			path = SettingsModel;
			sourceTree = "<group>";
		};
		5B683A312D606AC200838E6B /* SettingsPresenter */ = {
			isa = PBXGroup;
			children = (
				5B683A342D606B5000838E6B /* SettingsPresenter.swift */,
			);
			path = SettingsPresenter;
			sourceTree = "<group>";
		};
		5B905B012D5C57F000C52A6C /* testProject */ = {
			isa = PBXGroup;
			children = (
				5B905B0C2D5C583B00C52A6C /* Application */,
				5B905B0D2D5C584B00C52A6C /* Common */,
				5B905B0E2D5C587100C52A6C /* Modules */,
				5B905B0F2D5C58AF00C52A6C /* Components */,
				5B905B102D5C58D600C52A6C /* Resources */,
			);
			path = testProject;
			sourceTree = "<group>";
		};
		5B905B0C2D5C583B00C52A6C /* Application */ = {
			isa = PBXGroup;
			children = (
				5B905B072D5C582F00C52A6C /* AppDelegate.swift */,
				5B905B082D5C582F00C52A6C /* SceneDelegate.swift */,
			);
			path = Application;
			sourceTree = "<group>";
		};
		5B905B0D2D5C584B00C52A6C /* Common */ = {
			isa = PBXGroup;
			children = (
				5B484A822D63A20B00F2A277 /* Constants */,
				5B905B172D5C593100C52A6C /* Extensions */,
			);
			path = Common;
			sourceTree = "<group>";
		};
		5B905B0E2D5C587100C52A6C /* Modules */ = {
			isa = PBXGroup;
			children = (
				5B0CE9802D6A203A004666E0 /* Router */,
				5B905B242D5C5A3F00C52A6C /* Main */,
				5B905B272D5C5AB000C52A6C /* Result */,
				5B905B282D5C5AEF00C52A6C /* Settings */,
			);
			path = Modules;
			sourceTree = "<group>";
		};
		5B905B0F2D5C58AF00C52A6C /* Components */ = {
			isa = PBXGroup;
			children = (
				5B905ADF2D5BADF400C52A6C /* MicrophoneView.swift */,
				5B905AE02D5BADF400C52A6C /* PetSelectionView.swift */,
				5B905ADE2D5BADF400C52A6C /* BottomNavigationView.swift */,
			);
			path = Components;
			sourceTree = "<group>";
		};
		5B905B102D5C58D600C52A6C /* Resources */ = {
			isa = PBXGroup;
			children = (
				5B905B212D5C59CA00C52A6C /* Fonts */,
				5B905ADB2D5BADF400C52A6C /* Assets.xcassets */,
				5B905ADC2D5BADF400C52A6C /* Info.plist */,
				5B905B722D5C81C300C52A6C /* bitrate.gif */,
			);
			path = Resources;
			sourceTree = "<group>";
		};
		5B905B242D5C5A3F00C52A6C /* Main */ = {
			isa = PBXGroup;
			children = (
				5B0CE97D2D6A1638004666E0 /* Router */,
				5B905B292D5C5B2400C52A6C /* View */,
				5B905B2A2D5C5B2C00C52A6C /* Presenter */,
			);
			path = Main;
			sourceTree = "<group>";
		};
		5B905B262D5C5A8700C52A6C /* ResultModel */ = {
			isa = PBXGroup;
			children = (
				5B683A2A2D6068B300838E6B /* ResultModel.swift */,
			);
			path = ResultModel;
			sourceTree = "<group>";
		};
		5B905B272D5C5AB000C52A6C /* Result */ = {
			isa = PBXGroup;
			children = (
				5B0CE9832D6A2209004666E0 /* ResultRouter */,
				5B905B262D5C5A8700C52A6C /* ResultModel */,
				5B683A2C2D6068E900838E6B /* ResultView */,
				5B683A2D2D60691400838E6B /* ResultPresenter */,
			);
			path = Result;
			sourceTree = "<group>";
		};
		5B905B282D5C5AEF00C52A6C /* Settings */ = {
			isa = PBXGroup;
			children = (
				5B0CE9842D6A2215004666E0 /* SettingsRouter */,
				5B683A302D606AB500838E6B /* SettingsModel */,
				5B905B2B2D5C5B6E00C52A6C /* SettingsView */,
				5B683A312D606AC200838E6B /* SettingsPresenter */,
			);
			path = Settings;
			sourceTree = "<group>";
		};
		5B905B292D5C5B2400C52A6C /* View */ = {
			isa = PBXGroup;
			children = (
				5B905AD02D5BADF400C52A6C /* MainViewController.swift */,
			);
			path = View;
			sourceTree = "<group>";
		};
		5B905B2A2D5C5B2C00C52A6C /* Presenter */ = {
			isa = PBXGroup;
			children = (
				5B905BAF2D5E69F600C52A6C /* MainPresenter.swift */,
			);
			path = Presenter;
			sourceTree = "<group>";
		};
		5B905B2B2D5C5B6E00C52A6C /* SettingsView */ = {
			isa = PBXGroup;
			children = (
				5B905AD12D5BADF400C52A6C /* SettingsViewController.swift */,
				5B905B7B2D5C9D2F00C52A6C /* SettingsCell.swift */,
				5B905B7D2D5C9D6900C52A6C /* DetailViewController.swift */,
			);
			path = SettingsView;
			sourceTree = "<group>";
		};
/* End PBXGroup section */

/* Begin PBXNativeTarget section */
		5B5001E72D551CB600CBD14B /* testProject */ = {
			isa = PBXNativeTarget;
			buildConfigurationList = 5B5002112D551CB700CBD14B /* Build configuration list for PBXNativeTarget "testProject" */;
			buildPhases = (
				5B5001E42D551CB600CBD14B /* Sources */,
				5B5001E52D551CB600CBD14B /* Frameworks */,
				5B5001E62D551CB600CBD14B /* Resources */,
			);
			buildRules = (
			);
			dependencies = (
			);
			fileSystemSynchronizedGroups = (
				5B905B172D5C593100C52A6C /* Extensions */,
				5B905B212D5C59CA00C52A6C /* Fonts */,
			);
			name = testProject;
			packageProductDependencies = (
				5B0CE9942D6AF955004666E0 /* Alamofire */,
			);
			productName = testProject;
			productReference = 5B5001E82D551CB600CBD14B /* testProject.app */;
			productType = "com.apple.product-type.application";
		};
		5B5001FD2D551CB700CBD14B /* testProjectTests */ = {
			isa = PBXNativeTarget;
			buildConfigurationList = 5B5002162D551CB700CBD14B /* Build configuration list for PBXNativeTarget "testProjectTests" */;
			buildPhases = (
				5B5001FA2D551CB700CBD14B /* Sources */,
				5B5001FB2D551CB700CBD14B /* Frameworks */,
				5B5001FC2D551CB700CBD14B /* Resources */,
			);
			buildRules = (
			);
			dependencies = (
				5B5002002D551CB700CBD14B /* PBXTargetDependency */,
			);
			name = testProjectTests;
			packageProductDependencies = (
			);
			productName = testProjectTests;
			productReference = 5B5001FE2D551CB700CBD14B /* testProjectTests.xctest */;
			productType = "com.apple.product-type.bundle.unit-test";
		};
		5B5002072D551CB700CBD14B /* testProjectUITests */ = {
			isa = PBXNativeTarget;
			buildConfigurationList = 5B5002192D551CB700CBD14B /* Build configuration list for PBXNativeTarget "testProjectUITests" */;
			buildPhases = (
				5B5002042D551CB700CBD14B /* Sources */,
				5B5002052D551CB700CBD14B /* Frameworks */,
				5B5002062D551CB700CBD14B /* Resources */,
			);
			buildRules = (
			);
			dependencies = (
				5B50020A2D551CB700CBD14B /* PBXTargetDependency */,
			);
			name = testProjectUITests;
			packageProductDependencies = (
			);
			productName = testProjectUITests;
			productReference = 5B5002082D551CB700CBD14B /* testProjectUITests.xctest */;
			productType = "com.apple.product-type.bundle.ui-testing";
		};
/* End PBXNativeTarget section */

/* Begin PBXProject section */
		5B5001E02D551CB600CBD14B /* Project object */ = {
			isa = PBXProject;
			attributes = {
				BuildIndependentTargetsInParallel = 1;
				LastSwiftUpdateCheck = 1620;
				LastUpgradeCheck = 1620;
				TargetAttributes = {
					5B5001E72D551CB600CBD14B = {
						CreatedOnToolsVersion = 16.2;
					};
					5B5001FD2D551CB700CBD14B = {
						CreatedOnToolsVersion = 16.2;
						TestTargetID = 5B5001E72D551CB600CBD14B;
					};
					5B5002072D551CB700CBD14B = {
						CreatedOnToolsVersion = 16.2;
						TestTargetID = 5B5001E72D551CB600CBD14B;
					};
				};
			};
			buildConfigurationList = 5B5001E32D551CB600CBD14B /* Build configuration list for PBXProject "testProject" */;
			developmentRegion = en;
			hasScannedForEncodings = 0;
			knownRegions = (
				en,
				Base,
			);
			mainGroup = 5B5001DF2D551CB600CBD14B;
			minimizedProjectReferenceProxies = 1;
			packageReferences = (
				5B0CE9892D6AF85D004666E0 /* XCRemoteSwiftPackageReference "Alamofire" */,
			);
			preferredProjectObjectVersion = 77;
			productRefGroup = 5B5001E92D551CB600CBD14B /* Products */;
			projectDirPath = "";
			projectRoot = "";
			targets = (
				5B5001E72D551CB600CBD14B /* testProject */,
				5B5001FD2D551CB700CBD14B /* testProjectTests */,
				5B5002072D551CB700CBD14B /* testProjectUITests */,
			);
		};
/* End PBXProject section */

/* Begin PBXResourcesBuildPhase section */
		5B5001E62D551CB600CBD14B /* Resources */ = {
			isa = PBXResourcesBuildPhase;
			buildActionMask = 2147483647;
			files = (
				5B905B732D5C81C300C52A6C /* bitrate.gif in Resources */,
				5B905AEE2D5BADF400C52A6C /* Assets.xcassets in Resources */,
			);
			runOnlyForDeploymentPostprocessing = 0;
		};
		5B5001FC2D551CB700CBD14B /* Resources */ = {
			isa = PBXResourcesBuildPhase;
			buildActionMask = 2147483647;
			files = (
			);
			runOnlyForDeploymentPostprocessing = 0;
		};
		5B5002062D551CB700CBD14B /* Resources */ = {
			isa = PBXResourcesBuildPhase;
			buildActionMask = 2147483647;
			files = (
			);
			runOnlyForDeploymentPostprocessing = 0;
		};
/* End PBXResourcesBuildPhase section */

/* Begin PBXSourcesBuildPhase section */
		5B5001E42D551CB600CBD14B /* Sources */ = {
			isa = PBXSourcesBuildPhase;
			buildActionMask = 2147483647;
			files = (
				5B683A2F2D60692700838E6B /* ResultPresenter.swift in Sources */,
				5B905B0A2D5C582F00C52A6C /* AppDelegate.swift in Sources */,
				5B905AE52D5BADF400C52A6C /* MainViewController.swift in Sources */,
				5B905B7E2D5C9D6900C52A6C /* DetailViewController.swift in Sources */,
				5B683A2B2D6068B300838E6B /* ResultModel.swift in Sources */,
				5B0CE9882D6A2250004666E0 /* ResultRouter.swift in Sources */,
				5B905AE62D5BADF400C52A6C /* SettingsViewController.swift in Sources */,
				5B905AEA2D5BADF400C52A6C /* BottomNavigationView.swift in Sources */,
				5B905AEB2D5BADF400C52A6C /* MicrophoneView.swift in Sources */,
				5B0CE97F2D6A1668004666E0 /* MainRouter.swift in Sources */,
				5B905AEC2D5BADF400C52A6C /* PetSelectionView.swift in Sources */,
				5B905B0B2D5C582F00C52A6C /* SceneDelegate.swift in Sources */,
				5B905BB02D5E69F600C52A6C /* MainPresenter.swift in Sources */,
				5B683A332D606AEE00838E6B /* SettingsModel.swift in Sources */,
				5B905B752D5C847000C52A6C /* ResultViewController.swift in Sources */,
				5B905B7C2D5C9D2F00C52A6C /* SettingsCell.swift in Sources */,
				5B683A352D606B5000838E6B /* SettingsPresenter.swift in Sources */,
				5B484A842D63A22900F2A277 /* Constants.swift in Sources */,
				5B0CE9822D6A20A0004666E0 /* AppRouter.swift in Sources */,
				5B0CE9862D6A2228004666E0 /* SettingsRouter.swift in Sources */,
			);
			runOnlyForDeploymentPostprocessing = 0;
		};
		5B5001FA2D551CB700CBD14B /* Sources */ = {
			isa = PBXSourcesBuildPhase;
			buildActionMask = 2147483647;
			files = (
			);
			runOnlyForDeploymentPostprocessing = 0;
		};
		5B5002042D551CB700CBD14B /* Sources */ = {
			isa = PBXSourcesBuildPhase;
			buildActionMask = 2147483647;
			files = (
			);
			runOnlyForDeploymentPostprocessing = 0;
		};
/* End PBXSourcesBuildPhase section */

/* Begin PBXTargetDependency section */
		5B5002002D551CB700CBD14B /* PBXTargetDependency */ = {
			isa = PBXTargetDependency;
			target = 5B5001E72D551CB600CBD14B /* testProject */;
			targetProxy = 5B5001FF2D551CB700CBD14B /* PBXContainerItemProxy */;
		};
		5B50020A2D551CB700CBD14B /* PBXTargetDependency */ = {
			isa = PBXTargetDependency;
			target = 5B5001E72D551CB600CBD14B /* testProject */;
			targetProxy = 5B5002092D551CB700CBD14B /* PBXContainerItemProxy */;
		};
/* End PBXTargetDependency section */

/* Begin XCBuildConfiguration section */
		5B5002122D551CB700CBD14B /* Debug */ = {
			isa = XCBuildConfiguration;
			buildSettings = {
				ASSETCATALOG_COMPILER_APPICON_NAME = AppIcon;
				ASSETCATALOG_COMPILER_GLOBAL_ACCENT_COLOR_NAME = AccentColor;
				CODE_SIGN_STYLE = Automatic;
				CURRENT_PROJECT_VERSION = 1;
				DEVELOPMENT_TEAM = GFXMVZ7W43;
				GENERATE_INFOPLIST_FILE = YES;
				INFOPLIST_FILE = testProject/Resources/Info.plist;
				INFOPLIST_KEY_UIApplicationSupportsIndirectInputEvents = YES;
				INFOPLIST_KEY_UILaunchStoryboardName = LaunchScreen;
				INFOPLIST_KEY_UISupportedInterfaceOrientations = "UIInterfaceOrientationLandscapeLeft UIInterfaceOrientationLandscapeRight UIInterfaceOrientationPortrait";
				INFOPLIST_KEY_UISupportedInterfaceOrientations_iPad = UIInterfaceOrientationPortrait;
				LD_RUNPATH_SEARCH_PATHS = (
					"$(inherited)",
					"@executable_path/Frameworks",
				);
				MARKETING_VERSION = 1.0;
				PRODUCT_BUNDLE_IDENTIFIER = com.dufrane.testProject;
				PRODUCT_NAME = "$(TARGET_NAME)";
				SWIFT_EMIT_LOC_STRINGS = YES;
				SWIFT_VERSION = 5.0;
				TARGETED_DEVICE_FAMILY = "1,2";
			};
			name = Debug;
		};
		5B5002132D551CB700CBD14B /* Release */ = {
			isa = XCBuildConfiguration;
			buildSettings = {
				ASSETCATALOG_COMPILER_APPICON_NAME = AppIcon;
				ASSETCATALOG_COMPILER_GLOBAL_ACCENT_COLOR_NAME = AccentColor;
				CODE_SIGN_STYLE = Automatic;
				CURRENT_PROJECT_VERSION = 1;
				DEVELOPMENT_TEAM = GFXMVZ7W43;
				GENERATE_INFOPLIST_FILE = YES;
				INFOPLIST_FILE = testProject/Resources/Info.plist;
				INFOPLIST_KEY_UIApplicationSupportsIndirectInputEvents = YES;
				INFOPLIST_KEY_UILaunchStoryboardName = LaunchScreen;
				INFOPLIST_KEY_UISupportedInterfaceOrientations = "UIInterfaceOrientationLandscapeLeft UIInterfaceOrientationLandscapeRight UIInterfaceOrientationPortrait";
				INFOPLIST_KEY_UISupportedInterfaceOrientations_iPad = UIInterfaceOrientationPortrait;
				LD_RUNPATH_SEARCH_PATHS = (
					"$(inherited)",
					"@executable_path/Frameworks",
				);
				MARKETING_VERSION = 1.0;
				PRODUCT_BUNDLE_IDENTIFIER = com.dufrane.testProject;
				PRODUCT_NAME = "$(TARGET_NAME)";
				SWIFT_EMIT_LOC_STRINGS = YES;
				SWIFT_VERSION = 5.0;
				TARGETED_DEVICE_FAMILY = "1,2";
			};
			name = Release;
		};
		5B5002142D551CB700CBD14B /* Debug */ = {
			isa = XCBuildConfiguration;
			buildSettings = {
				ALWAYS_SEARCH_USER_PATHS = NO;
				ASSETCATALOG_COMPILER_GENERATE_SWIFT_ASSET_SYMBOL_EXTENSIONS = YES;
				CLANG_ANALYZER_NONNULL = YES;
				CLANG_ANALYZER_NUMBER_OBJECT_CONVERSION = YES_AGGRESSIVE;
				CLANG_CXX_LANGUAGE_STANDARD = "gnu++20";
				CLANG_ENABLE_MODULES = YES;
				CLANG_ENABLE_OBJC_ARC = YES;
				CLANG_ENABLE_OBJC_WEAK = YES;
				CLANG_WARN_BLOCK_CAPTURE_AUTORELEASING = YES;
				CLANG_WARN_BOOL_CONVERSION = YES;
				CLANG_WARN_COMMA = YES;
				CLANG_WARN_CONSTANT_CONVERSION = YES;
				CLANG_WARN_DEPRECATED_OBJC_IMPLEMENTATIONS = YES;
				CLANG_WARN_DIRECT_OBJC_ISA_USAGE = YES_ERROR;
				CLANG_WARN_DOCUMENTATION_COMMENTS = YES;
				CLANG_WARN_EMPTY_BODY = YES;
				CLANG_WARN_ENUM_CONVERSION = YES;
				CLANG_WARN_INFINITE_RECURSION = YES;
				CLANG_WARN_INT_CONVERSION = YES;
				CLANG_WARN_NON_LITERAL_NULL_CONVERSION = YES;
				CLANG_WARN_OBJC_IMPLICIT_RETAIN_SELF = YES;
				CLANG_WARN_OBJC_LITERAL_CONVERSION = YES;
				CLANG_WARN_OBJC_ROOT_CLASS = YES_ERROR;
				CLANG_WARN_QUOTED_INCLUDE_IN_FRAMEWORK_HEADER = YES;
				CLANG_WARN_RANGE_LOOP_ANALYSIS = YES;
				CLANG_WARN_STRICT_PROTOTYPES = YES;
				CLANG_WARN_SUSPICIOUS_MOVE = YES;
				CLANG_WARN_UNGUARDED_AVAILABILITY = YES_AGGRESSIVE;
				CLANG_WARN_UNREACHABLE_CODE = YES;
				CLANG_WARN__DUPLICATE_METHOD_MATCH = YES;
				COPY_PHASE_STRIP = NO;
				DEBUG_INFORMATION_FORMAT = dwarf;
				ENABLE_STRICT_OBJC_MSGSEND = YES;
				ENABLE_TESTABILITY = YES;
				ENABLE_USER_SCRIPT_SANDBOXING = YES;
				GCC_C_LANGUAGE_STANDARD = gnu17;
				GCC_DYNAMIC_NO_PIC = NO;
				GCC_NO_COMMON_BLOCKS = YES;
				GCC_OPTIMIZATION_LEVEL = 0;
				GCC_PREPROCESSOR_DEFINITIONS = (
					"DEBUG=1",
					"$(inherited)",
				);
				GCC_WARN_64_TO_32_BIT_CONVERSION = YES;
				GCC_WARN_ABOUT_RETURN_TYPE = YES_ERROR;
				GCC_WARN_UNDECLARED_SELECTOR = YES;
				GCC_WARN_UNINITIALIZED_AUTOS = YES_AGGRESSIVE;
				GCC_WARN_UNUSED_FUNCTION = YES;
				GCC_WARN_UNUSED_VARIABLE = YES;
				IPHONEOS_DEPLOYMENT_TARGET = 15.6;
				LOCALIZATION_PREFERS_STRING_CATALOGS = YES;
				MTL_ENABLE_DEBUG_INFO = INCLUDE_SOURCE;
				MTL_FAST_MATH = YES;
				ONLY_ACTIVE_ARCH = YES;
				SDKROOT = iphoneos;
				SWIFT_ACTIVE_COMPILATION_CONDITIONS = "DEBUG $(inherited)";
				SWIFT_OPTIMIZATION_LEVEL = "-Onone";
			};
			name = Debug;
		};
		5B5002152D551CB700CBD14B /* Release */ = {
			isa = XCBuildConfiguration;
			buildSettings = {
				ALWAYS_SEARCH_USER_PATHS = NO;
				ASSETCATALOG_COMPILER_GENERATE_SWIFT_ASSET_SYMBOL_EXTENSIONS = YES;
				CLANG_ANALYZER_NONNULL = YES;
				CLANG_ANALYZER_NUMBER_OBJECT_CONVERSION = YES_AGGRESSIVE;
				CLANG_CXX_LANGUAGE_STANDARD = "gnu++20";
				CLANG_ENABLE_MODULES = YES;
				CLANG_ENABLE_OBJC_ARC = YES;
				CLANG_ENABLE_OBJC_WEAK = YES;
				CLANG_WARN_BLOCK_CAPTURE_AUTORELEASING = YES;
				CLANG_WARN_BOOL_CONVERSION = YES;
				CLANG_WARN_COMMA = YES;
				CLANG_WARN_CONSTANT_CONVERSION = YES;
				CLANG_WARN_DEPRECATED_OBJC_IMPLEMENTATIONS = YES;
				CLANG_WARN_DIRECT_OBJC_ISA_USAGE = YES_ERROR;
				CLANG_WARN_DOCUMENTATION_COMMENTS = YES;
				CLANG_WARN_EMPTY_BODY = YES;
				CLANG_WARN_ENUM_CONVERSION = YES;
				CLANG_WARN_INFINITE_RECURSION = YES;
				CLANG_WARN_INT_CONVERSION = YES;
				CLANG_WARN_NON_LITERAL_NULL_CONVERSION = YES;
				CLANG_WARN_OBJC_IMPLICIT_RETAIN_SELF = YES;
				CLANG_WARN_OBJC_LITERAL_CONVERSION = YES;
				CLANG_WARN_OBJC_ROOT_CLASS = YES_ERROR;
				CLANG_WARN_QUOTED_INCLUDE_IN_FRAMEWORK_HEADER = YES;
				CLANG_WARN_RANGE_LOOP_ANALYSIS = YES;
				CLANG_WARN_STRICT_PROTOTYPES = YES;
				CLANG_WARN_SUSPICIOUS_MOVE = YES;
				CLANG_WARN_UNGUARDED_AVAILABILITY = YES_AGGRESSIVE;
				CLANG_WARN_UNREACHABLE_CODE = YES;
				CLANG_WARN__DUPLICATE_METHOD_MATCH = YES;
				COPY_PHASE_STRIP = NO;
				DEBUG_INFORMATION_FORMAT = "dwarf-with-dsym";
				ENABLE_NS_ASSERTIONS = NO;
				ENABLE_STRICT_OBJC_MSGSEND = YES;
				ENABLE_USER_SCRIPT_SANDBOXING = YES;
				GCC_C_LANGUAGE_STANDARD = gnu17;
				GCC_NO_COMMON_BLOCKS = YES;
				GCC_WARN_64_TO_32_BIT_CONVERSION = YES;
				GCC_WARN_ABOUT_RETURN_TYPE = YES_ERROR;
				GCC_WARN_UNDECLARED_SELECTOR = YES;
				GCC_WARN_UNINITIALIZED_AUTOS = YES_AGGRESSIVE;
				GCC_WARN_UNUSED_FUNCTION = YES;
				GCC_WARN_UNUSED_VARIABLE = YES;
				IPHONEOS_DEPLOYMENT_TARGET = 15.6;
				LOCALIZATION_PREFERS_STRING_CATALOGS = YES;
				MTL_ENABLE_DEBUG_INFO = NO;
				MTL_FAST_MATH = YES;
				SDKROOT = iphoneos;
				SWIFT_COMPILATION_MODE = wholemodule;
				VALIDATE_PRODUCT = YES;
			};
			name = Release;
		};
		5B5002172D551CB700CBD14B /* Debug */ = {
			isa = XCBuildConfiguration;
			buildSettings = {
				BUNDLE_LOADER = "$(TEST_HOST)";
				CODE_SIGN_STYLE = Automatic;
				CURRENT_PROJECT_VERSION = 1;
				GENERATE_INFOPLIST_FILE = YES;
				IPHONEOS_DEPLOYMENT_TARGET = 18.2;
				MARKETING_VERSION = 1.0;
				PRODUCT_BUNDLE_IDENTIFIER = com.dufrane.testProjectTests;
				PRODUCT_NAME = "$(TARGET_NAME)";
				SWIFT_EMIT_LOC_STRINGS = NO;
				SWIFT_VERSION = 5.0;
				TARGETED_DEVICE_FAMILY = "1,2";
				TEST_HOST = "$(BUILT_PRODUCTS_DIR)/testProject.app/$(BUNDLE_EXECUTABLE_FOLDER_PATH)/testProject";
			};
			name = Debug;
		};
		5B5002182D551CB700CBD14B /* Release */ = {
			isa = XCBuildConfiguration;
			buildSettings = {
				BUNDLE_LOADER = "$(TEST_HOST)";
				CODE_SIGN_STYLE = Automatic;
				CURRENT_PROJECT_VERSION = 1;
				GENERATE_INFOPLIST_FILE = YES;
				IPHONEOS_DEPLOYMENT_TARGET = 18.2;
				MARKETING_VERSION = 1.0;
				PRODUCT_BUNDLE_IDENTIFIER = com.dufrane.testProjectTests;
				PRODUCT_NAME = "$(TARGET_NAME)";
				SWIFT_EMIT_LOC_STRINGS = NO;
				SWIFT_VERSION = 5.0;
				TARGETED_DEVICE_FAMILY = "1,2";
				TEST_HOST = "$(BUILT_PRODUCTS_DIR)/testProject.app/$(BUNDLE_EXECUTABLE_FOLDER_PATH)/testProject";
			};
			name = Release;
		};
		5B50021A2D551CB700CBD14B /* Debug */ = {
			isa = XCBuildConfiguration;
			buildSettings = {
				CODE_SIGN_STYLE = Automatic;
				CURRENT_PROJECT_VERSION = 1;
				GENERATE_INFOPLIST_FILE = YES;
				MARKETING_VERSION = 1.0;
				PRODUCT_BUNDLE_IDENTIFIER = com.dufrane.testProjectUITests;
				PRODUCT_NAME = "$(TARGET_NAME)";
				SWIFT_EMIT_LOC_STRINGS = NO;
				SWIFT_VERSION = 5.0;
				TARGETED_DEVICE_FAMILY = "1,2";
				TEST_TARGET_NAME = testProject;
			};
			name = Debug;
		};
		5B50021B2D551CB700CBD14B /* Release */ = {
			isa = XCBuildConfiguration;
			buildSettings = {
				CODE_SIGN_STYLE = Automatic;
				CURRENT_PROJECT_VERSION = 1;
				GENERATE_INFOPLIST_FILE = YES;
				MARKETING_VERSION = 1.0;
				PRODUCT_BUNDLE_IDENTIFIER = com.dufrane.testProjectUITests;
				PRODUCT_NAME = "$(TARGET_NAME)";
				SWIFT_EMIT_LOC_STRINGS = NO;
				SWIFT_VERSION = 5.0;
				TARGETED_DEVICE_FAMILY = "1,2";
				TEST_TARGET_NAME = testProject;
			};
			name = Release;
		};
/* End XCBuildConfiguration section */

/* Begin XCConfigurationList section */
		5B5001E32D551CB600CBD14B /* Build configuration list for PBXProject "testProject" */ = {
			isa = XCConfigurationList;
			buildConfigurations = (
				5B5002142D551CB700CBD14B /* Debug */,
				5B5002152D551CB700CBD14B /* Release */,
			);
			defaultConfigurationIsVisible = 0;
			defaultConfigurationName = Release;
		};
		5B5002112D551CB700CBD14B /* Build configuration list for PBXNativeTarget "testProject" */ = {
			isa = XCConfigurationList;
			buildConfigurations = (
				5B5002122D551CB700CBD14B /* Debug */,
				5B5002132D551CB700CBD14B /* Release */,
			);
			defaultConfigurationIsVisible = 0;
			defaultConfigurationName = Release;
		};
		5B5002162D551CB700CBD14B /* Build configuration list for PBXNativeTarget "testProjectTests" */ = {
			isa = XCConfigurationList;
			buildConfigurations = (
				5B5002172D551CB700CBD14B /* Debug */,
				5B5002182D551CB700CBD14B /* Release */,
			);
			defaultConfigurationIsVisible = 0;
			defaultConfigurationName = Release;
		};
		5B5002192D551CB700CBD14B /* Build configuration list for PBXNativeTarget "testProjectUITests" */ = {
			isa = XCConfigurationList;
			buildConfigurations = (
				5B50021A2D551CB700CBD14B /* Debug */,
				5B50021B2D551CB700CBD14B /* Release */,
			);
			defaultConfigurationIsVisible = 0;
			defaultConfigurationName = Release;
		};
/* End XCConfigurationList section */

/* Begin XCRemoteSwiftPackageReference section */
		5B0CE9892D6AF85D004666E0 /* XCRemoteSwiftPackageReference "Alamofire" */ = {
			isa = XCRemoteSwiftPackageReference;
			repositoryURL = "https://github.com/Alamofire/Alamofire.git";
			requirement = {
				kind = upToNextMajorVersion;
				minimumVersion = 5.10.2;
			};
		};
/* End XCRemoteSwiftPackageReference section */

/* Begin XCSwiftPackageProductDependency section */
		5B0CE9942D6AF955004666E0 /* Alamofire */ = {
			isa = XCSwiftPackageProductDependency;
			package = 5B0CE9892D6AF85D004666E0 /* XCRemoteSwiftPackageReference "Alamofire" */;
			productName = Alamofire;
		};
/* End XCSwiftPackageProductDependency section */
	};
	rootObject = 5B5001E02D551CB600CBD14B /* Project object */;
}
